Microsoft Visual Studio Solution File, Format Version 11.00
# Visual Studio 2008

Project("{AEAC2C31-E884-63EF-2E8A-36FD6EC694D6}") = "project_01", "Assembly-CSharp-firstpass.csproj", "{90A25E06-20A2-2A36-E73A-BCB9E29FA8DB}"
EndProject
Project("{AEAC2C31-E884-63EF-2E8A-36FD6EC694D6}") = "project_01", "Assembly-CSharp-Editor.csproj", "{853264CE-42F1-5EB7-7B9C-F7A8F45111A6}"
EndProject
Project("{AEAC2C31-E884-63EF-2E8A-36FD6EC694D6}") = "project_01", "Assembly-UnityScript-firstpass.unityproj", "{E76A66C6-039D-1BDF-774D-01C0CDD25D84}"
EndProject
Global
	GlobalSection(SolutionConfigurationPlatforms) = preSolution
		Debug|Any CPU = Debug|Any CPU
		Release|Any CPU = Release|Any CPU
	EndGlobalSection
	GlobalSection(ProjectConfigurationPlatforms) = postSolution
		{90A25E06-20A2-2A36-E73A-BCB9E29FA8DB}.Debug|Any CPU.ActiveCfg = Debug|Any CPU
		{90A25E06-20A2-2A36-E73A-BCB9E29FA8DB}.Debug|Any CPU.Build.0 = Debug|Any CPU
		{90A25E06-20A2-2A36-E73A-BCB9E29FA8DB}.Release|Any CPU.ActiveCfg = Release|Any CPU
		{90A25E06-20A2-2A36-E73A-BCB9E29FA8DB}.Release|Any CPU.Build.0 = Release|Any CPU
		{853264CE-42F1-5EB7-7B9C-F7A8F45111A6}.Debug|Any CPU.ActiveCfg = Debug|Any CPU
		{853264CE-42F1-5EB7-7B9C-F7A8F45111A6}.Debug|Any CPU.Build.0 = Debug|Any CPU
		{853264CE-42F1-5EB7-7B9C-F7A8F45111A6}.Release|Any CPU.ActiveCfg = Release|Any CPU
		{853264CE-42F1-5EB7-7B9C-F7A8F45111A6}.Release|Any CPU.Build.0 = Release|Any CPU
		{E76A66C6-039D-1BDF-774D-01C0CDD25D84}.Debug|Any CPU.ActiveCfg = Debug|Any CPU
		{E76A66C6-039D-1BDF-774D-01C0CDD25D84}.Debug|Any CPU.Build.0 = Debug|Any CPU
		{E76A66C6-039D-1BDF-774D-01C0CDD25D84}.Release|Any CPU.ActiveCfg = Release|Any CPU
		{E76A66C6-039D-1BDF-774D-01C0CDD25D84}.Release|Any CPU.Build.0 = Release|Any CPU
	EndGlobalSection
	GlobalSection(SolutionProperties) = preSolution
		HideSolutionNode = FALSE
	EndGlobalSection
																		GlobalSection(MonoDevelopProperties) = preSolution
		StartupItem = Assembly-CSharp.csproj
		Policies = $0
		$0.TextStylePolicy = $1
		$1.inheritsSet = null
		$1.scope = text/x-csharp
		$0.CSharpFormattingPolicy = $2
		$2.inheritsSet = Mono
		$2.inheritsScope = text/x-csharp
		$2.scope = text/x-csharp
		$0.TextStylePolicy = $3
		$3.FileWidth = 120
		$3.TabWidth = 4
		$3.EolMarker = Unix
		$3.inheritsSet = Mono
		$3.inheritsScope = text/plain
		$3.scope = text/plain
	EndGlobalSection

EndGlobal
